# This file is automatically @generated by Cargo.
# It is not intended for manual editing.
version = 3

[[package]]
name = "amm_factory"
version = "0.1.0"
dependencies = [
 "candid",
 "ic-cdk",
 "serde",
]

[[package]]
name = "candid"
version = "0.9.13"
source = "registry+https://github.com/rust-lang/crates.io-index"
checksum = "1234567890abcdef"

[[package]]
name = "ic-cdk"
version = "0.7.0"
source = "registry+https://github.com/rust-lang/crates.io-index"
checksum = "1234567890abcdef"

[[package]]
name = "pair"
version = "0.1.0"
dependencies = [
 "candid",
 "ic-cdk",
 "serde",
]

[[package]]
name = "serde"
version = "1.0.197"
source = "registry+https://github.com/rust-lang/crates.io-index"
checksum = "1234567890abcdef"
